version = 3

[[package]]
name = "codesec-testbed-rust"
version = "1.0.0"
dependencies = [
 "smallvec",
 "time",
]

[[package]]
name = "smallvec"
version = "0.6.12"
source = "registry+https://github.com/rust-lang/crates.io-index"

[[package]]
name = "time"
version = "0.2.22"
source = "registry+https://github.com/rust-lang/crates.io-index"
